
Microsoft Visual Studio Solution File, Format Version 12.00
Project("{FAE04EC0-301F-11D3-BF4B-00C04F79EFBC}") = "ContactBookTest", "ContactBookTest\ContactBookTest.csproj", "{5987E536-F432-47E9-8106-101F96F156A2}"
EndProject
Global
	GlobalSection(SolutionConfigurationPlatforms) = preSolution
		Debug|Any CPU = Debug|Any CPU
		Release|Any CPU = Release|Any CPU
	EndGlobalSection
	GlobalSection(ProjectConfigurationPlatforms) = postSolution
		{5987E536-F432-47E9-8106-101F96F156A2}.Debug|Any CPU.ActiveCfg = Debug|Any CPU
		{5987E536-F432-47E9-8106-101F96F156A2}.Debug|Any CPU.Build.0 = Debug|Any CPU
		{5987E536-F432-47E9-8106-101F96F156A2}.Release|Any CPU.ActiveCfg = Release|Any CPU
		{5987E536-F432-47E9-8106-101F96F156A2}.Release|Any CPU.Build.0 = Release|Any CPU
	EndGlobalSection
EndGlobal
